
Microsoft Visual Studio Solution File, Format Version 12.00
# Visual Studio Version 17
VisualStudioVersion = 17.12.35521.163 d17.12
MinimumVisualStudioVersion = 10.0.40219.1
Project("{FAE04EC0-301F-11D3-BF4B-00C04F79EFBC}") = "consoleapp", "consoleapp\consoleapp.csproj", "{19896D77-D4D5-4EC8-91FA-4EB69DDA5B76}"
EndProject
Project("{FAE04EC0-301F-11D3-BF4B-00C04F79EFBC}") = "logic", "logic\logic.csproj", "{00C74159-7AA0-4470-B98B-4740714F8533}"
EndProject
Global
	GlobalSection(SolutionConfigurationPlatforms) = preSolution
		Debug|Any CPU = Debug|Any CPU
		Release|Any CPU = Release|Any CPU
	EndGlobalSection
	GlobalSection(ProjectConfigurationPlatforms) = postSolution
		{19896D77-D4D5-4EC8-91FA-4EB69DDA5B76}.Debug|Any CPU.ActiveCfg = Debug|Any CPU
		{19896D77-D4D5-4EC8-91FA-4EB69DDA5B76}.Debug|Any CPU.Build.0 = Debug|Any CPU
		{19896D77-D4D5-4EC8-91FA-4EB69DDA5B76}.Release|Any CPU.ActiveCfg = Release|Any CPU
		{19896D77-D4D5-4EC8-91FA-4EB69DDA5B76}.Release|Any CPU.Build.0 = Release|Any CPU
		{00C74159-7AA0-4470-B98B-4740714F8533}.Debug|Any CPU.ActiveCfg = Debug|Any CPU
		{00C74159-7AA0-4470-B98B-4740714F8533}.Debug|Any CPU.Build.0 = Debug|Any CPU
		{00C74159-7AA0-4470-B98B-4740714F8533}.Release|Any CPU.ActiveCfg = Release|Any CPU
		{00C74159-7AA0-4470-B98B-4740714F8533}.Release|Any CPU.Build.0 = Release|Any CPU
	EndGlobalSection
	GlobalSection(SolutionProperties) = preSolution
		HideSolutionNode = FALSE
	EndGlobalSection
EndGlobal
